// !$*UTF8*$!
{
	archiveVersion = 1;
	classes = {
	};
	objectVersion = 46;
	objects = {

/* Begin PBXBuildFile section */
		319048D51641B6F900E39EAA /* UIKit.framework in Frameworks */ = {isa = PBXBuildFile; fileRef = 319048D41641B6F900E39EAA /* UIKit.framework */; };
		319048D71641B6F900E39EAA /* Foundation.framework in Frameworks */ = {isa = PBXBuildFile; fileRef = 319048D61641B6F900E39EAA /* Foundation.framework */; };
		319048D91641B6F900E39EAA /* CoreGraphics.framework in Frameworks */ = {isa = PBXBuildFile; fileRef = 319048D81641B6F900E39EAA /* CoreGraphics.framework */; };
		319048DF1641B6F900E39EAA /* InfoPlist.strings in Resources */ = {isa = PBXBuildFile; fileRef = 319048DD1641B6F900E39EAA /* InfoPlist.strings */; };
		319048E11641B6F900E39EAA /* main.m in Sources */ = {isa = PBXBuildFile; fileRef = 319048E01641B6F900E39EAA /* main.m */; };
		319048E51641B6F900E39EAA /* AppDelegate.m in Sources */ = {isa = PBXBuildFile; fileRef = 319048E41641B6F900E39EAA /* AppDelegate.m */; };
		319048E71641B6F900E39EAA /* Default.png in Resources */ = {isa = PBXBuildFile; fileRef = 319048E61641B6F900E39EAA /* Default.png */; };
		319048E91641B6F900E39EAA /* Default@2x.png in Resources */ = {isa = PBXBuildFile; fileRef = 319048E81641B6F900E39EAA /* Default@2x.png */; };
		319048EB1641B6F900E39EAA /* Default-568h@2x.png in Resources */ = {isa = PBXBuildFile; fileRef = 319048EA1641B6F900E39EAA /* Default-568h@2x.png */; };
		319048EE1641B6F900E39EAA /* MainStoryboard.storyboard in Resources */ = {isa = PBXBuildFile; fileRef = 319048EC1641B6F900E39EAA /* MainStoryboard.storyboard */; };
		319048F81641B89200E39EAA /* tommy.jpeg in Resources */ = {isa = PBXBuildFile; fileRef = 319048F71641B89200E39EAA /* tommy.jpeg */; };
		319049041641C1C400E39EAA /* CalendarManipulator.m in Sources */ = {isa = PBXBuildFile; fileRef = 319049031641C1C400E39EAA /* CalendarManipulator.m */; };
		B13299431641FAD600B36BB9 /* FirstViewController.m in Sources */ = {isa = PBXBuildFile; fileRef = B13299421641FAD600B36BB9 /* FirstViewController.m */; };
/* End PBXBuildFile section */

/* Begin PBXFileReference section */
		319048D01641B6F900E39EAA /* CandidateInterview.app */ = {isa = PBXFileReference; explicitFileType = wrapper.application; includeInIndex = 0; path = CandidateInterview.app; sourceTree = BUILT_PRODUCTS_DIR; };
		319048D41641B6F900E39EAA /* UIKit.framework */ = {isa = PBXFileReference; lastKnownFileType = wrapper.framework; name = UIKit.framework; path = System/Library/Frameworks/UIKit.framework; sourceTree = SDKROOT; };
		319048D61641B6F900E39EAA /* Foundation.framework */ = {isa = PBXFileReference; lastKnownFileType = wrapper.framework; name = Foundation.framework; path = System/Library/Frameworks/Foundation.framework; sourceTree = SDKROOT; };
		319048D81641B6F900E39EAA /* CoreGraphics.framework */ = {isa = PBXFileReference; lastKnownFileType = wrapper.framework; name = CoreGraphics.framework; path = System/Library/Frameworks/CoreGraphics.framework; sourceTree = SDKROOT; };
		319048DC1641B6F900E39EAA /* CandidateInterview-Info.plist */ = {isa = PBXFileReference; lastKnownFileType = text.plist.xml; path = "CandidateInterview-Info.plist"; sourceTree = "<group>"; };
		319048DE1641B6F900E39EAA /* en */ = {isa = PBXFileReference; lastKnownFileType = text.plist.strings; name = en; path = en.lproj/InfoPlist.strings; sourceTree = "<group>"; };
		319048E01641B6F900E39EAA /* main.m */ = {isa = PBXFileReference; lastKnownFileType = sourcecode.c.objc; path = main.m; sourceTree = "<group>"; };
		319048E21641B6F900E39EAA /* CandidateInterview-Prefix.pch */ = {isa = PBXFileReference; lastKnownFileType = sourcecode.c.h; path = "CandidateInterview-Prefix.pch"; sourceTree = "<group>"; };
		319048E31641B6F900E39EAA /* AppDelegate.h */ = {isa = PBXFileReference; lastKnownFileType = sourcecode.c.h; path = AppDelegate.h; sourceTree = "<group>"; };
		319048E41641B6F900E39EAA /* AppDelegate.m */ = {isa = PBXFileReference; lastKnownFileType = sourcecode.c.objc; path = AppDelegate.m; sourceTree = "<group>"; };
		319048E61641B6F900E39EAA /* Default.png */ = {isa = PBXFileReference; lastKnownFileType = image.png; path = Default.png; sourceTree = "<group>"; };
		319048E81641B6F900E39EAA /* Default@2x.png */ = {isa = PBXFileReference; lastKnownFileType = image.png; path = "Default@2x.png"; sourceTree = "<group>"; };
		319048EA1641B6F900E39EAA /* Default-568h@2x.png */ = {isa = PBXFileReference; lastKnownFileType = image.png; path = "Default-568h@2x.png"; sourceTree = "<group>"; };
		319048ED1641B6F900E39EAA /* en */ = {isa = PBXFileReference; lastKnownFileType = file.storyboard; name = en; path = en.lproj/MainStoryboard.storyboard; sourceTree = "<group>"; };
		319048F71641B89200E39EAA /* tommy.jpeg */ = {isa = PBXFileReference; lastKnownFileType = image.jpeg; path = tommy.jpeg; sourceTree = "<group>"; };
		319049021641C1C400E39EAA /* CalendarManipulator.h */ = {isa = PBXFileReference; fileEncoding = 4; lastKnownFileType = sourcecode.c.h; path = CalendarManipulator.h; sourceTree = "<group>"; };
		319049031641C1C400E39EAA /* CalendarManipulator.m */ = {isa = PBXFileReference; fileEncoding = 4; lastKnownFileType = sourcecode.c.objc; path = CalendarManipulator.m; sourceTree = "<group>"; };
		B13299411641FAD600B36BB9 /* FirstViewController.h */ = {isa = PBXFileReference; fileEncoding = 4; lastKnownFileType = sourcecode.c.h; path = FirstViewController.h; sourceTree = "<group>"; };
		B13299421641FAD600B36BB9 /* FirstViewController.m */ = {isa = PBXFileReference; fileEncoding = 4; lastKnownFileType = sourcecode.c.objc; path = FirstViewController.m; sourceTree = "<group>"; };
/* End PBXFileReference section */

/* Begin PBXFrameworksBuildPhase section */
		319048CD1641B6F800E39EAA /* Frameworks */ = {
			isa = PBXFrameworksBuildPhase;
			buildActionMask = 2147483647;
			files = (
				319048D51641B6F900E39EAA /* UIKit.framework in Frameworks */,
				319048D71641B6F900E39EAA /* Foundation.framework in Frameworks */,
				319048D91641B6F900E39EAA /* CoreGraphics.framework in Frameworks */,
			);
			runOnlyForDeploymentPostprocessing = 0;
		};
/* End PBXFrameworksBuildPhase section */

/* Begin PBXGroup section */
		319048C51641B6F800E39EAA = {
			isa = PBXGroup;
			children = (
				319048DA1641B6F900E39EAA /* CandidateInterview */,
				319048D31641B6F900E39EAA /* Frameworks */,
				319048D11641B6F900E39EAA /* Products */,
			);
			sourceTree = "<group>";
		};
		319048D11641B6F900E39EAA /* Products */ = {
			isa = PBXGroup;
			children = (
				319048D01641B6F900E39EAA /* CandidateInterview.app */,
			);
			name = Products;
			sourceTree = "<group>";
		};
		319048D31641B6F900E39EAA /* Frameworks */ = {
			isa = PBXGroup;
			children = (
				319048D41641B6F900E39EAA /* UIKit.framework */,
				319048D61641B6F900E39EAA /* Foundation.framework */,
				319048D81641B6F900E39EAA /* CoreGraphics.framework */,
			);
			name = Frameworks;
			sourceTree = "<group>";
		};
		319048DA1641B6F900E39EAA /* CandidateInterview */ = {
			isa = PBXGroup;
			children = (
				319048E31641B6F900E39EAA /* AppDelegate.h */,
				319048E41641B6F900E39EAA /* AppDelegate.m */,
				319049021641C1C400E39EAA /* CalendarManipulator.h */,
				319049031641C1C400E39EAA /* CalendarManipulator.m */,
				319048EC1641B6F900E39EAA /* MainStoryboard.storyboard */,
				319048DB1641B6F900E39EAA /* Supporting Files */,
				B13299411641FAD600B36BB9 /* FirstViewController.h */,
				B13299421641FAD600B36BB9 /* FirstViewController.m */,
			);
			path = CandidateInterview;
			sourceTree = "<group>";
		};
		319048DB1641B6F900E39EAA /* Supporting Files */ = {
			isa = PBXGroup;
			children = (
				319048F71641B89200E39EAA /* tommy.jpeg */,
				319048DC1641B6F900E39EAA /* CandidateInterview-Info.plist */,
				319048DD1641B6F900E39EAA /* InfoPlist.strings */,
				319048E01641B6F900E39EAA /* main.m */,
				319048E21641B6F900E39EAA /* CandidateInterview-Prefix.pch */,
				319048E61641B6F900E39EAA /* Default.png */,
				319048E81641B6F900E39EAA /* Default@2x.png */,
				319048EA1641B6F900E39EAA /* Default-568h@2x.png */,
			);
			name = "Supporting Files";
			sourceTree = "<group>";
		};
/* End PBXGroup section */

/* Begin PBXNativeTarget section */
		319048CF1641B6F800E39EAA /* CandidateInterview */ = {
			isa = PBXNativeTarget;
			buildConfigurationList = 319048F41641B6F900E39EAA /* Build configuration list for PBXNativeTarget "CandidateInterview" */;
			buildPhases = (
				319048CC1641B6F800E39EAA /* Sources */,
				319048CD1641B6F800E39EAA /* Frameworks */,
				319048CE1641B6F800E39EAA /* Resources */,
			);
			buildRules = (
			);
			dependencies = (
			);
			name = CandidateInterview;
			productName = CandidateInterview;
			productReference = 319048D01641B6F900E39EAA /* CandidateInterview.app */;
			productType = "com.apple.product-type.application";
		};
/* End PBXNativeTarget section */

/* Begin PBXProject section */
		319048C71641B6F800E39EAA /* Project object */ = {
			isa = PBXProject;
			attributes = {
				LastUpgradeCheck = 0450;
				ORGANIZATIONNAME = www.tommymaxhanks.com;
			};
			buildConfigurationList = 319048CA1641B6F800E39EAA /* Build configuration list for PBXProject "CandidateInterview" */;
			compatibilityVersion = "Xcode 3.2";
			developmentRegion = English;
			hasScannedForEncodings = 0;
			knownRegions = (
				en,
			);
			mainGroup = 319048C51641B6F800E39EAA;
			productRefGroup = 319048D11641B6F900E39EAA /* Products */;
			projectDirPath = "";
			projectRoot = "";
			targets = (
				319048CF1641B6F800E39EAA /* CandidateInterview */,
			);
		};
/* End PBXProject section */

/* Begin PBXResourcesBuildPhase section */
		319048CE1641B6F800E39EAA /* Resources */ = {
			isa = PBXResourcesBuildPhase;
			buildActionMask = 2147483647;
			files = (
				319048DF1641B6F900E39EAA /* InfoPlist.strings in Resources */,
				319048E71641B6F900E39EAA /* Default.png in Resources */,
				319048E91641B6F900E39EAA /* Default@2x.png in Resources */,
				319048EB1641B6F900E39EAA /* Default-568h@2x.png in Resources */,
				319048EE1641B6F900E39EAA /* MainStoryboard.storyboard in Resources */,
				319048F81641B89200E39EAA /* tommy.jpeg in Resources */,
			);
			runOnlyForDeploymentPostprocessing = 0;
		};
/* End PBXResourcesBuildPhase section */

/* Begin PBXSourcesBuildPhase section */
		319048CC1641B6F800E39EAA /* Sources */ = {
			isa = PBXSourcesBuildPhase;
			buildActionMask = 2147483647;
			files = (
				319048E11641B6F900E39EAA /* main.m in Sources */,
				319048E51641B6F900E39EAA /* AppDelegate.m in Sources */,
				319049041641C1C400E39EAA /* CalendarManipulator.m in Sources */,
				B13299431641FAD600B36BB9 /* FirstViewController.m in Sources */,
			);
			runOnlyForDeploymentPostprocessing = 0;
		};
/* End PBXSourcesBuildPhase section */

/* Begin PBXVariantGroup section */
		319048DD1641B6F900E39EAA /* InfoPlist.strings */ = {
			isa = PBXVariantGroup;
			children = (
				319048DE1641B6F900E39EAA /* en */,
			);
			name = InfoPlist.strings;
			sourceTree = "<group>";
		};
		319048EC1641B6F900E39EAA /* MainStoryboard.storyboard */ = {
			isa = PBXVariantGroup;
			children = (
				319048ED1641B6F900E39EAA /* en */,
			);
			name = MainStoryboard.storyboard;
			sourceTree = "<group>";
		};
/* End PBXVariantGroup section */

/* Begin XCBuildConfiguration section */
		319048F21641B6F900E39EAA /* Debug */ = {
			isa = XCBuildConfiguration;
			buildSettings = {
				ALWAYS_SEARCH_USER_PATHS = NO;
				CLANG_CXX_LANGUAGE_STANDARD = "gnu++0x";
				CLANG_CXX_LIBRARY = "libc++";
				CLANG_WARN_EMPTY_BODY = YES;
				CLANG_WARN__DUPLICATE_METHOD_MATCH = YES;
				"CODE_SIGN_IDENTITY[sdk=iphoneos*]" = "iPhone Developer";
				COPY_PHASE_STRIP = NO;
				GCC_C_LANGUAGE_STANDARD = gnu99;
				GCC_DYNAMIC_NO_PIC = NO;
				GCC_OPTIMIZATION_LEVEL = 0;
				GCC_PREPROCESSOR_DEFINITIONS = (
					"DEBUG=1",
					"$(inherited)",
				);
				GCC_SYMBOLS_PRIVATE_EXTERN = NO;
				GCC_WARN_ABOUT_RETURN_TYPE = YES;
				GCC_WARN_UNINITIALIZED_AUTOS = YES;
				GCC_WARN_UNUSED_VARIABLE = YES;
				IPHONEOS_DEPLOYMENT_TARGET = 6.0;
				SDKROOT = iphoneos;
			};
			name = Debug;
		};
		319048F31641B6F900E39EAA /* Release */ = {
			isa = XCBuildConfiguration;
			buildSettings = {
				ALWAYS_SEARCH_USER_PATHS = NO;
				CLANG_CXX_LANGUAGE_STANDARD = "gnu++0x";
				CLANG_CXX_LIBRARY = "libc++";
				CLANG_WARN_EMPTY_BODY = YES;
				CLANG_WARN__DUPLICATE_METHOD_MATCH = YES;
				"CODE_SIGN_IDENTITY[sdk=iphoneos*]" = "iPhone Developer";
				COPY_PHASE_STRIP = YES;
				GCC_C_LANGUAGE_STANDARD = gnu99;
				GCC_WARN_ABOUT_RETURN_TYPE = YES;
				GCC_WARN_UNINITIALIZED_AUTOS = YES;
				GCC_WARN_UNUSED_VARIABLE = YES;
				IPHONEOS_DEPLOYMENT_TARGET = 6.0;
				OTHER_CFLAGS = "-DNS_BLOCK_ASSERTIONS=1";
				SDKROOT = iphoneos;
				VALIDATE_PRODUCT = YES;
			};
			name = Release;
		};
		319048F51641B6F900E39EAA /* Debug */ = {
			isa = XCBuildConfiguration;
			buildSettings = {
				GCC_PRECOMPILE_PREFIX_HEADER = YES;
				GCC_PREFIX_HEADER = "CandidateInterview/CandidateInterview-Prefix.pch";
				INFOPLIST_FILE = "CandidateInterview/CandidateInterview-Info.plist";
				PRODUCT_NAME = "$(TARGET_NAME)";
				WRAPPER_EXTENSION = app;
			};
			name = Debug;
		};
		319048F61641B6F900E39EAA /* Release */ = {
			isa = XCBuildConfiguration;
			buildSettings = {
				GCC_PRECOMPILE_PREFIX_HEADER = YES;
				GCC_PREFIX_HEADER = "CandidateInterview/CandidateInterview-Prefix.pch";
				INFOPLIST_FILE = "CandidateInterview/CandidateInterview-Info.plist";
				PRODUCT_NAME = "$(TARGET_NAME)";
				WRAPPER_EXTENSION = app;
			};
			name = Release;
		};
/* End XCBuildConfiguration section */

/* Begin XCConfigurationList section */
		319048CA1641B6F800E39EAA /* Build configuration list for PBXProject "CandidateInterview" */ = {
			isa = XCConfigurationList;
			buildConfigurations = (
				319048F21641B6F900E39EAA /* Debug */,
				319048F31641B6F900E39EAA /* Release */,
			);
			defaultConfigurationIsVisible = 0;
			defaultConfigurationName = Release;
		};
		319048F41641B6F900E39EAA /* Build configuration list for PBXNativeTarget "CandidateInterview" */ = {
			isa = XCConfigurationList;
			buildConfigurations = (
				319048F51641B6F900E39EAA /* Debug */,
				319048F61641B6F900E39EAA /* Release */,
			);
			defaultConfigurationIsVisible = 0;
			defaultConfigurationName = Release;
		};
/* End XCConfigurationList section */
	};
	rootObject = 319048C71641B6F800E39EAA /* Project object */;
}
